// !$*UTF8*$!
{
	archiveVersion = 1;
	classes = {
	};
	objectVersion = 50;
	objects = {

/* Begin PBXBuildFile section */
		4697465A2206164200C57175 /* ModuleBuilder.swift in Sources */ = {isa = PBXBuildFile; fileRef = 469746592206164200C57175 /* ModuleBuilder.swift */; };
		46BA574A2201500B0009C087 /* AppDelegate.swift in Sources */ = {isa = PBXBuildFile; fileRef = 46BA57492201500B0009C087 /* AppDelegate.swift */; };
		46BA574C2201500B0009C087 /* MainViewController.swift in Sources */ = {isa = PBXBuildFile; fileRef = 46BA574B2201500B0009C087 /* MainViewController.swift */; };
		46BA574F2201500B0009C087 /* Main.storyboard in Resources */ = {isa = PBXBuildFile; fileRef = 46BA574D2201500B0009C087 /* Main.storyboard */; };
		46BA57512201500C0009C087 /* Assets.xcassets in Resources */ = {isa = PBXBuildFile; fileRef = 46BA57502201500C0009C087 /* Assets.xcassets */; };
		46BA57542201500C0009C087 /* LaunchScreen.storyboard in Resources */ = {isa = PBXBuildFile; fileRef = 46BA57522201500C0009C087 /* LaunchScreen.storyboard */; };
		46BA576A220150250009C087 /* MainViewModel.swift in Sources */ = {isa = PBXBuildFile; fileRef = 46BA5769220150250009C087 /* MainViewModel.swift */; };
		46BA576C220150770009C087 /* Player.swift in Sources */ = {isa = PBXBuildFile; fileRef = 46BA576B220150770009C087 /* Player.swift */; };
		46BA576E220151600009C087 /* CustomView.swift in Sources */ = {isa = PBXBuildFile; fileRef = 46BA576D220151600009C087 /* CustomView.swift */; };
		46BA5775220157A90009C087 /* MainViewModelTests.swift in Sources */ = {isa = PBXBuildFile; fileRef = 46BA5774220157A90009C087 /* MainViewModelTests.swift */; };
		46BA5777220157C10009C087 /* MarkTests.swift in Sources */ = {isa = PBXBuildFile; fileRef = 46BA5776220157C10009C087 /* MarkTests.swift */; };
		46BA577A220158780009C087 /* UIImage+App.swift in Sources */ = {isa = PBXBuildFile; fileRef = 46BA5779220158780009C087 /* UIImage+App.swift */; };
		46BA577C220158FE0009C087 /* MockMainViewController.swift in Sources */ = {isa = PBXBuildFile; fileRef = 46BA577B220158FE0009C087 /* MockMainViewController.swift */; };
		EE4977982214BED8001DB519 /* Game.swift in Sources */ = {isa = PBXBuildFile; fileRef = EE4977972214BED8001DB519 /* Game.swift */; };
		EE49779A2214C684001DB519 /* GameTests.swift in Sources */ = {isa = PBXBuildFile; fileRef = EE4977992214C684001DB519 /* GameTests.swift */; };
/* End PBXBuildFile section */

/* Begin PBXContainerItemProxy section */
		46BA575B2201500C0009C087 /* PBXContainerItemProxy */ = {
			isa = PBXContainerItemProxy;
			containerPortal = 46BA573E2201500B0009C087 /* Project object */;
			proxyType = 1;
			remoteGlobalIDString = 46BA57452201500B0009C087;
			remoteInfo = TicTacToe;
		};
/* End PBXContainerItemProxy section */

/* Begin PBXFileReference section */
		469746592206164200C57175 /* ModuleBuilder.swift */ = {isa = PBXFileReference; lastKnownFileType = sourcecode.swift; path = ModuleBuilder.swift; sourceTree = "<group>"; };
		46BA57462201500B0009C087 /* TicTacToe.app */ = {isa = PBXFileReference; explicitFileType = wrapper.application; includeInIndex = 0; path = TicTacToe.app; sourceTree = BUILT_PRODUCTS_DIR; };
		46BA57492201500B0009C087 /* AppDelegate.swift */ = {isa = PBXFileReference; lastKnownFileType = sourcecode.swift; path = AppDelegate.swift; sourceTree = "<group>"; };
		46BA574B2201500B0009C087 /* MainViewController.swift */ = {isa = PBXFileReference; lastKnownFileType = sourcecode.swift; path = MainViewController.swift; sourceTree = "<group>"; };
		46BA574E2201500B0009C087 /* Base */ = {isa = PBXFileReference; lastKnownFileType = file.storyboard; name = Base; path = Base.lproj/Main.storyboard; sourceTree = "<group>"; };
		46BA57502201500C0009C087 /* Assets.xcassets */ = {isa = PBXFileReference; lastKnownFileType = folder.assetcatalog; path = Assets.xcassets; sourceTree = "<group>"; };
		46BA57532201500C0009C087 /* Base */ = {isa = PBXFileReference; lastKnownFileType = file.storyboard; name = Base; path = Base.lproj/LaunchScreen.storyboard; sourceTree = "<group>"; };
		46BA57552201500C0009C087 /* Info.plist */ = {isa = PBXFileReference; lastKnownFileType = text.plist.xml; path = Info.plist; sourceTree = "<group>"; };
		46BA575A2201500C0009C087 /* TicTacToeTests.xctest */ = {isa = PBXFileReference; explicitFileType = wrapper.cfbundle; includeInIndex = 0; path = TicTacToeTests.xctest; sourceTree = BUILT_PRODUCTS_DIR; };
		46BA57602201500D0009C087 /* Info.plist */ = {isa = PBXFileReference; lastKnownFileType = text.plist.xml; path = Info.plist; sourceTree = "<group>"; };
		46BA5769220150250009C087 /* MainViewModel.swift */ = {isa = PBXFileReference; lastKnownFileType = sourcecode.swift; path = MainViewModel.swift; sourceTree = "<group>"; };
		46BA576B220150770009C087 /* Player.swift */ = {isa = PBXFileReference; lastKnownFileType = sourcecode.swift; path = Player.swift; sourceTree = "<group>"; };
		46BA576D220151600009C087 /* CustomView.swift */ = {isa = PBXFileReference; lastKnownFileType = sourcecode.swift; path = CustomView.swift; sourceTree = "<group>"; };
		46BA5774220157A90009C087 /* MainViewModelTests.swift */ = {isa = PBXFileReference; lastKnownFileType = sourcecode.swift; path = MainViewModelTests.swift; sourceTree = "<group>"; };
		46BA5776220157C10009C087 /* MarkTests.swift */ = {isa = PBXFileReference; lastKnownFileType = sourcecode.swift; path = MarkTests.swift; sourceTree = "<group>"; };
		46BA5779220158780009C087 /* UIImage+App.swift */ = {isa = PBXFileReference; lastKnownFileType = sourcecode.swift; path = "UIImage+App.swift"; sourceTree = "<group>"; };
		46BA577B220158FE0009C087 /* MockMainViewController.swift */ = {isa = PBXFileReference; lastKnownFileType = sourcecode.swift; path = MockMainViewController.swift; sourceTree = "<group>"; };
		EE4977972214BED8001DB519 /* Game.swift */ = {isa = PBXFileReference; lastKnownFileType = sourcecode.swift; path = Game.swift; sourceTree = "<group>"; };
		EE4977992214C684001DB519 /* GameTests.swift */ = {isa = PBXFileReference; lastKnownFileType = sourcecode.swift; path = GameTests.swift; sourceTree = "<group>"; };
/* End PBXFileReference section */

/* Begin PBXFrameworksBuildPhase section */
		46BA57432201500B0009C087 /* Frameworks */ = {
			isa = PBXFrameworksBuildPhase;
			buildActionMask = 2147483647;
			files = (
			);
			runOnlyForDeploymentPostprocessing = 0;
		};
		46BA57572201500C0009C087 /* Frameworks */ = {
			isa = PBXFrameworksBuildPhase;
			buildActionMask = 2147483647;
			files = (
			);
			runOnlyForDeploymentPostprocessing = 0;
		};
/* End PBXFrameworksBuildPhase section */

/* Begin PBXGroup section */
		46BA573D2201500B0009C087 = {
			isa = PBXGroup;
			children = (
				46BA57482201500B0009C087 /* TicTacToe */,
				46BA575D2201500C0009C087 /* TicTacToeTests */,
				46BA57472201500B0009C087 /* Products */,
			);
			sourceTree = "<group>";
		};
		46BA57472201500B0009C087 /* Products */ = {
			isa = PBXGroup;
			children = (
				46BA57462201500B0009C087 /* TicTacToe.app */,
				46BA575A2201500C0009C087 /* TicTacToeTests.xctest */,
			);
			name = Products;
			sourceTree = "<group>";
		};
		46BA57482201500B0009C087 /* TicTacToe */ = {
			isa = PBXGroup;
			children = (
				46BA57782201585C0009C087 /* Helpers */,
				46BA5773220157650009C087 /* Core */,
				46BA57722201575A0009C087 /* UI */,
				46BA5771220157550009C087 /* Model */,
				46BA57702201574B0009C087 /* ViewController */,
				46BA576F220157450009C087 /* ViewModel */,
				46BA57502201500C0009C087 /* Assets.xcassets */,
				46BA57552201500C0009C087 /* Info.plist */,
			);
			path = TicTacToe;
			sourceTree = "<group>";
		};
		46BA575D2201500C0009C087 /* TicTacToeTests */ = {
			isa = PBXGroup;
			children = (
				46BA57602201500D0009C087 /* Info.plist */,
				46BA5774220157A90009C087 /* MainViewModelTests.swift */,
				46BA5776220157C10009C087 /* MarkTests.swift */,
				46BA577B220158FE0009C087 /* MockMainViewController.swift */,
				EE4977992214C684001DB519 /* GameTests.swift */,
			);
			path = TicTacToeTests;
			sourceTree = "<group>";
		};
		46BA576F220157450009C087 /* ViewModel */ = {
			isa = PBXGroup;
			children = (
				46BA5769220150250009C087 /* MainViewModel.swift */,
			);
			path = ViewModel;
			sourceTree = "<group>";
		};
		46BA57702201574B0009C087 /* ViewController */ = {
			isa = PBXGroup;
			children = (
				46BA574B2201500B0009C087 /* MainViewController.swift */,
			);
			path = ViewController;
			sourceTree = "<group>";
		};
		46BA5771220157550009C087 /* Model */ = {
			isa = PBXGroup;
			children = (
				46BA576B220150770009C087 /* Player.swift */,
				EE4977972214BED8001DB519 /* Game.swift */,
			);
			path = Model;
			sourceTree = "<group>";
		};
		46BA57722201575A0009C087 /* UI */ = {
			isa = PBXGroup;
			children = (
				46BA57522201500C0009C087 /* LaunchScreen.storyboard */,
				46BA574D2201500B0009C087 /* Main.storyboard */,
				46BA576D220151600009C087 /* CustomView.swift */,
			);
			path = UI;
			sourceTree = "<group>";
		};
		46BA5773220157650009C087 /* Core */ = {
			isa = PBXGroup;
			children = (
				46BA57492201500B0009C087 /* AppDelegate.swift */,
				469746592206164200C57175 /* ModuleBuilder.swift */,
			);
			path = Core;
			sourceTree = "<group>";
		};
		46BA57782201585C0009C087 /* Helpers */ = {
			isa = PBXGroup;
			children = (
				46BA5779220158780009C087 /* UIImage+App.swift */,
			);
			path = Helpers;
			sourceTree = "<group>";
		};
/* End PBXGroup section */

/* Begin PBXNativeTarget section */
		46BA57452201500B0009C087 /* TicTacToe */ = {
			isa = PBXNativeTarget;
			buildConfigurationList = 46BA57632201500D0009C087 /* Build configuration list for PBXNativeTarget "TicTacToe" */;
			buildPhases = (
				46BA57422201500B0009C087 /* Sources */,
				46BA57432201500B0009C087 /* Frameworks */,
				46BA57442201500B0009C087 /* Resources */,
			);
			buildRules = (
			);
			dependencies = (
			);
			name = TicTacToe;
			productName = TicTacToe;
			productReference = 46BA57462201500B0009C087 /* TicTacToe.app */;
			productType = "com.apple.product-type.application";
		};
		46BA57592201500C0009C087 /* TicTacToeTests */ = {
			isa = PBXNativeTarget;
			buildConfigurationList = 46BA57662201500D0009C087 /* Build configuration list for PBXNativeTarget "TicTacToeTests" */;
			buildPhases = (
				46BA57562201500C0009C087 /* Sources */,
				46BA57572201500C0009C087 /* Frameworks */,
				46BA57582201500C0009C087 /* Resources */,
			);
			buildRules = (
			);
			dependencies = (
				46BA575C2201500C0009C087 /* PBXTargetDependency */,
			);
			name = TicTacToeTests;
			productName = TicTacToeTests;
			productReference = 46BA575A2201500C0009C087 /* TicTacToeTests.xctest */;
			productType = "com.apple.product-type.bundle.unit-test";
		};
/* End PBXNativeTarget section */

/* Begin PBXProject section */
		46BA573E2201500B0009C087 /* Project object */ = {
			isa = PBXProject;
			attributes = {
				LastSwiftUpdateCheck = 1010;
				LastUpgradeCheck = 1010;
				ORGANIZATIONNAME = dmlebron;
				TargetAttributes = {
					46BA57452201500B0009C087 = {
						CreatedOnToolsVersion = 10.1;
					};
					46BA57592201500C0009C087 = {
						CreatedOnToolsVersion = 10.1;
						LastSwiftMigration = 1010;
						TestTargetID = 46BA57452201500B0009C087;
					};
				};
			};
			buildConfigurationList = 46BA57412201500B0009C087 /* Build configuration list for PBXProject "TicTacToe" */;
			compatibilityVersion = "Xcode 9.3";
			developmentRegion = en;
			hasScannedForEncodings = 0;
			knownRegions = (
				en,
				Base,
			);
			mainGroup = 46BA573D2201500B0009C087;
			productRefGroup = 46BA57472201500B0009C087 /* Products */;
			projectDirPath = "";
			projectRoot = "";
			targets = (
				46BA57452201500B0009C087 /* TicTacToe */,
				46BA57592201500C0009C087 /* TicTacToeTests */,
			);
		};
/* End PBXProject section */

/* Begin PBXResourcesBuildPhase section */
		46BA57442201500B0009C087 /* Resources */ = {
			isa = PBXResourcesBuildPhase;
			buildActionMask = 2147483647;
			files = (
				46BA57542201500C0009C087 /* LaunchScreen.storyboard in Resources */,
				46BA57512201500C0009C087 /* Assets.xcassets in Resources */,
				46BA574F2201500B0009C087 /* Main.storyboard in Resources */,
			);
			runOnlyForDeploymentPostprocessing = 0;
		};
		46BA57582201500C0009C087 /* Resources */ = {
			isa = PBXResourcesBuildPhase;
			buildActionMask = 2147483647;
			files = (
			);
			runOnlyForDeploymentPostprocessing = 0;
		};
/* End PBXResourcesBuildPhase section */

/* Begin PBXSourcesBuildPhase section */
		46BA57422201500B0009C087 /* Sources */ = {
			isa = PBXSourcesBuildPhase;
			buildActionMask = 2147483647;
			files = (
				46BA576E220151600009C087 /* CustomView.swift in Sources */,
				46BA574C2201500B0009C087 /* MainViewController.swift in Sources */,
				46BA574A2201500B0009C087 /* AppDelegate.swift in Sources */,
				46BA576C220150770009C087 /* Player.swift in Sources */,
				4697465A2206164200C57175 /* ModuleBuilder.swift in Sources */,
				46BA576A220150250009C087 /* MainViewModel.swift in Sources */,
				46BA577A220158780009C087 /* UIImage+App.swift in Sources */,
				EE4977982214BED8001DB519 /* Game.swift in Sources */,
			);
			runOnlyForDeploymentPostprocessing = 0;
		};
		46BA57562201500C0009C087 /* Sources */ = {
			isa = PBXSourcesBuildPhase;
			buildActionMask = 2147483647;
			files = (
				46BA5777220157C10009C087 /* MarkTests.swift in Sources */,
				46BA5775220157A90009C087 /* MainViewModelTests.swift in Sources */,
				46BA577C220158FE0009C087 /* MockMainViewController.swift in Sources */,
				EE49779A2214C684001DB519 /* GameTests.swift in Sources */,
			);
			runOnlyForDeploymentPostprocessing = 0;
		};
/* End PBXSourcesBuildPhase section */

/* Begin PBXTargetDependency section */
		46BA575C2201500C0009C087 /* PBXTargetDependency */ = {
			isa = PBXTargetDependency;
			target = 46BA57452201500B0009C087 /* TicTacToe */;
			targetProxy = 46BA575B2201500C0009C087 /* PBXContainerItemProxy */;
		};
/* End PBXTargetDependency section */

/* Begin PBXVariantGroup section */
		46BA574D2201500B0009C087 /* Main.storyboard */ = {
			isa = PBXVariantGroup;
			children = (
				46BA574E2201500B0009C087 /* Base */,
			);
			name = Main.storyboard;
			sourceTree = "<group>";
		};
		46BA57522201500C0009C087 /* LaunchScreen.storyboard */ = {
			isa = PBXVariantGroup;
			children = (
				46BA57532201500C0009C087 /* Base */,
			);
			name = LaunchScreen.storyboard;
			sourceTree = "<group>";
		};
/* End PBXVariantGroup section */

/* Begin XCBuildConfiguration section */
		46BA57612201500D0009C087 /* Debug */ = {
			isa = XCBuildConfiguration;
			buildSettings = {
				ALWAYS_SEARCH_USER_PATHS = NO;
				CLANG_ANALYZER_NONNULL = YES;
				CLANG_ANALYZER_NUMBER_OBJECT_CONVERSION = YES_AGGRESSIVE;
				CLANG_CXX_LANGUAGE_STANDARD = "gnu++14";
				CLANG_CXX_LIBRARY = "libc++";
				CLANG_ENABLE_MODULES = YES;
				CLANG_ENABLE_OBJC_ARC = YES;
				CLANG_ENABLE_OBJC_WEAK = YES;
				CLANG_WARN_BLOCK_CAPTURE_AUTORELEASING = YES;
				CLANG_WARN_BOOL_CONVERSION = YES;
				CLANG_WARN_COMMA = YES;
				CLANG_WARN_CONSTANT_CONVERSION = YES;
				CLANG_WARN_DEPRECATED_OBJC_IMPLEMENTATIONS = YES;
				CLANG_WARN_DIRECT_OBJC_ISA_USAGE = YES_ERROR;
				CLANG_WARN_DOCUMENTATION_COMMENTS = YES;
				CLANG_WARN_EMPTY_BODY = YES;
				CLANG_WARN_ENUM_CONVERSION = YES;
				CLANG_WARN_INFINITE_RECURSION = YES;
				CLANG_WARN_INT_CONVERSION = YES;
				CLANG_WARN_NON_LITERAL_NULL_CONVERSION = YES;
				CLANG_WARN_OBJC_IMPLICIT_RETAIN_SELF = YES;
				CLANG_WARN_OBJC_LITERAL_CONVERSION = YES;
				CLANG_WARN_OBJC_ROOT_CLASS = YES_ERROR;
				CLANG_WARN_RANGE_LOOP_ANALYSIS = YES;
				CLANG_WARN_STRICT_PROTOTYPES = YES;
				CLANG_WARN_SUSPICIOUS_MOVE = YES;
				CLANG_WARN_UNGUARDED_AVAILABILITY = YES_AGGRESSIVE;
				CLANG_WARN_UNREACHABLE_CODE = YES;
				CLANG_WARN__DUPLICATE_METHOD_MATCH = YES;
				CODE_SIGN_IDENTITY = "iPhone Developer";
				COPY_PHASE_STRIP = NO;
				DEBUG_INFORMATION_FORMAT = dwarf;
				ENABLE_STRICT_OBJC_MSGSEND = YES;
				ENABLE_TESTABILITY = YES;
				GCC_C_LANGUAGE_STANDARD = gnu11;
				GCC_DYNAMIC_NO_PIC = NO;
				GCC_NO_COMMON_BLOCKS = YES;
				GCC_OPTIMIZATION_LEVEL = 0;
				GCC_PREPROCESSOR_DEFINITIONS = (
					"DEBUG=1",
					"$(inherited)",
				);
				GCC_WARN_64_TO_32_BIT_CONVERSION = YES;
				GCC_WARN_ABOUT_RETURN_TYPE = YES_ERROR;
				GCC_WARN_UNDECLARED_SELECTOR = YES;
				GCC_WARN_UNINITIALIZED_AUTOS = YES_AGGRESSIVE;
				GCC_WARN_UNUSED_FUNCTION = YES;
				GCC_WARN_UNUSED_VARIABLE = YES;
				IPHONEOS_DEPLOYMENT_TARGET = 12.1;
				MTL_ENABLE_DEBUG_INFO = INCLUDE_SOURCE;
				MTL_FAST_MATH = YES;
				ONLY_ACTIVE_ARCH = YES;
				SDKROOT = iphoneos;
				SWIFT_ACTIVE_COMPILATION_CONDITIONS = DEBUG;
				SWIFT_OPTIMIZATION_LEVEL = "-Onone";
			};
			name = Debug;
		};
		46BA57622201500D0009C087 /* Release */ = {
			isa = XCBuildConfiguration;
			buildSettings = {
				ALWAYS_SEARCH_USER_PATHS = NO;
				CLANG_ANALYZER_NONNULL = YES;
				CLANG_ANALYZER_NUMBER_OBJECT_CONVERSION = YES_AGGRESSIVE;
				CLANG_CXX_LANGUAGE_STANDARD = "gnu++14";
				CLANG_CXX_LIBRARY = "libc++";
				CLANG_ENABLE_MODULES = YES;
				CLANG_ENABLE_OBJC_ARC = YES;
				CLANG_ENABLE_OBJC_WEAK = YES;
				CLANG_WARN_BLOCK_CAPTURE_AUTORELEASING = YES;
				CLANG_WARN_BOOL_CONVERSION = YES;
				CLANG_WARN_COMMA = YES;
				CLANG_WARN_CONSTANT_CONVERSION = YES;
				CLANG_WARN_DEPRECATED_OBJC_IMPLEMENTATIONS = YES;
				CLANG_WARN_DIRECT_OBJC_ISA_USAGE = YES_ERROR;
				CLANG_WARN_DOCUMENTATION_COMMENTS = YES;
				CLANG_WARN_EMPTY_BODY = YES;
				CLANG_WARN_ENUM_CONVERSION = YES;
				CLANG_WARN_INFINITE_RECURSION = YES;
				CLANG_WARN_INT_CONVERSION = YES;
				CLANG_WARN_NON_LITERAL_NULL_CONVERSION = YES;
				CLANG_WARN_OBJC_IMPLICIT_RETAIN_SELF = YES;
				CLANG_WARN_OBJC_LITERAL_CONVERSION = YES;
				CLANG_WARN_OBJC_ROOT_CLASS = YES_ERROR;
				CLANG_WARN_RANGE_LOOP_ANALYSIS = YES;
				CLANG_WARN_STRICT_PROTOTYPES = YES;
				CLANG_WARN_SUSPICIOUS_MOVE = YES;
				CLANG_WARN_UNGUARDED_AVAILABILITY = YES_AGGRESSIVE;
				CLANG_WARN_UNREACHABLE_CODE = YES;
				CLANG_WARN__DUPLICATE_METHOD_MATCH = YES;
				CODE_SIGN_IDENTITY = "iPhone Developer";
				COPY_PHASE_STRIP = NO;
				DEBUG_INFORMATION_FORMAT = "dwarf-with-dsym";
				ENABLE_NS_ASSERTIONS = NO;
				ENABLE_STRICT_OBJC_MSGSEND = YES;
				GCC_C_LANGUAGE_STANDARD = gnu11;
				GCC_NO_COMMON_BLOCKS = YES;
				GCC_WARN_64_TO_32_BIT_CONVERSION = YES;
				GCC_WARN_ABOUT_RETURN_TYPE = YES_ERROR;
				GCC_WARN_UNDECLARED_SELECTOR = YES;
				GCC_WARN_UNINITIALIZED_AUTOS = YES_AGGRESSIVE;
				GCC_WARN_UNUSED_FUNCTION = YES;
				GCC_WARN_UNUSED_VARIABLE = YES;
				IPHONEOS_DEPLOYMENT_TARGET = 12.1;
				MTL_ENABLE_DEBUG_INFO = NO;
				MTL_FAST_MATH = YES;
				SDKROOT = iphoneos;
				SWIFT_COMPILATION_MODE = wholemodule;
				SWIFT_OPTIMIZATION_LEVEL = "-O";
				VALIDATE_PRODUCT = YES;
			};
			name = Release;
		};
		46BA57642201500D0009C087 /* Debug */ = {
			isa = XCBuildConfiguration;
			buildSettings = {
				ASSETCATALOG_COMPILER_APPICON_NAME = AppIcon;
				CODE_SIGN_STYLE = Automatic;
				DEVELOPMENT_TEAM = 9NM4DLTS84;
				INFOPLIST_FILE = TicTacToe/Info.plist;
				LD_RUNPATH_SEARCH_PATHS = (
					"$(inherited)",
					"@executable_path/Frameworks",
				);
				PRODUCT_BUNDLE_IDENTIFIER = com.dmlebron.TicTacToe;
				PRODUCT_NAME = "$(TARGET_NAME)";
				SWIFT_VERSION = 4.2;
				TARGETED_DEVICE_FAMILY = "1,2";
			};
			name = Debug;
		};
		46BA57652201500D0009C087 /* Release */ = {
			isa = XCBuildConfiguration;
			buildSettings = {
				ASSETCATALOG_COMPILER_APPICON_NAME = AppIcon;
				CODE_SIGN_STYLE = Automatic;
				DEVELOPMENT_TEAM = 9NM4DLTS84;
				INFOPLIST_FILE = TicTacToe/Info.plist;
				LD_RUNPATH_SEARCH_PATHS = (
					"$(inherited)",
					"@executable_path/Frameworks",
				);
				PRODUCT_BUNDLE_IDENTIFIER = com.dmlebron.TicTacToe;
				PRODUCT_NAME = "$(TARGET_NAME)";
				SWIFT_VERSION = 4.2;
				TARGETED_DEVICE_FAMILY = "1,2";
			};
			name = Release;
		};
		46BA57672201500D0009C087 /* Debug */ = {
			isa = XCBuildConfiguration;
			buildSettings = {
				ALWAYS_EMBED_SWIFT_STANDARD_LIBRARIES = YES;
				BUNDLE_LOADER = "$(TEST_HOST)";
				CLANG_ENABLE_MODULES = YES;
				CODE_SIGN_STYLE = Automatic;
				DEVELOPMENT_TEAM = 9NM4DLTS84;
				INFOPLIST_FILE = TicTacToeTests/Info.plist;
				LD_RUNPATH_SEARCH_PATHS = (
					"$(inherited)",
					"@executable_path/Frameworks",
					"@loader_path/Frameworks",
				);
				PRODUCT_BUNDLE_IDENTIFIER = com.dmlebron.TicTacToeTests;
				PRODUCT_NAME = "$(TARGET_NAME)";
				SWIFT_OPTIMIZATION_LEVEL = "-Onone";
				SWIFT_VERSION = 4.2;
				TARGETED_DEVICE_FAMILY = "1,2";
				TEST_HOST = "$(BUILT_PRODUCTS_DIR)/TicTacToe.app/TicTacToe";
			};
			name = Debug;
		};
		46BA57682201500D0009C087 /* Release */ = {
			isa = XCBuildConfiguration;
			buildSettings = {
				ALWAYS_EMBED_SWIFT_STANDARD_LIBRARIES = YES;
				BUNDLE_LOADER = "$(TEST_HOST)";
				CLANG_ENABLE_MODULES = YES;
				CODE_SIGN_STYLE = Automatic;
				DEVELOPMENT_TEAM = 9NM4DLTS84;
				INFOPLIST_FILE = TicTacToeTests/Info.plist;
				LD_RUNPATH_SEARCH_PATHS = (
					"$(inherited)",
					"@executable_path/Frameworks",
					"@loader_path/Frameworks",
				);
				PRODUCT_BUNDLE_IDENTIFIER = com.dmlebron.TicTacToeTests;
				PRODUCT_NAME = "$(TARGET_NAME)";
				SWIFT_VERSION = 4.2;
				TARGETED_DEVICE_FAMILY = "1,2";
				TEST_HOST = "$(BUILT_PRODUCTS_DIR)/TicTacToe.app/TicTacToe";
			};
			name = Release;
		};
/* End XCBuildConfiguration section */

/* Begin XCConfigurationList section */
		46BA57412201500B0009C087 /* Build configuration list for PBXProject "TicTacToe" */ = {
			isa = XCConfigurationList;
			buildConfigurations = (
				46BA57612201500D0009C087 /* Debug */,
				46BA57622201500D0009C087 /* Release */,
			);
			defaultConfigurationIsVisible = 0;
			defaultConfigurationName = Release;
		};
		46BA57632201500D0009C087 /* Build configuration list for PBXNativeTarget "TicTacToe" */ = {
			isa = XCConfigurationList;
			buildConfigurations = (
				46BA57642201500D0009C087 /* Debug */,
				46BA57652201500D0009C087 /* Release */,
			);
			defaultConfigurationIsVisible = 0;
			defaultConfigurationName = Release;
		};
		46BA57662201500D0009C087 /* Build configuration list for PBXNativeTarget "TicTacToeTests" */ = {
			isa = XCConfigurationList;
			buildConfigurations = (
				46BA57672201500D0009C087 /* Debug */,
				46BA57682201500D0009C087 /* Release */,
			);
			defaultConfigurationIsVisible = 0;
			defaultConfigurationName = Release;
		};
/* End XCConfigurationList section */
	};
	rootObject = 46BA573E2201500B0009C087 /* Project object */;
}
